
Microsoft Visual Studio Solution File, Format Version 12.00
# Visual Studio 15
VisualStudioVersion = 15.0.27130.2010
MinimumVisualStudioVersion = 10.0.40219.1
Project("{FAE04EC0-301F-11D3-BF4B-00C04F79EFBC}") = "Sync.Android", "Sync\Sync.Android\Sync.Android.csproj", "{6F6A2B58-FA43-4AB8-AA99-544341ACCACE}"
EndProject
Project("{FAE04EC0-301F-11D3-BF4B-00C04F79EFBC}") = "Sync.iOS", "Sync\Sync.iOS\Sync.iOS.csproj", "{4C6ED658-EBDD-4713-9C52-034D65DE8FB2}"
EndProject
Project("{D954291E-2A0B-460D-934E-DC6B0785DB48}") = "Sync", "Sync\Sync\Sync.shproj", "{A32031E8-3FA7-4412-A2ED-C29F4E1B34E2}"
EndProject
Project("{FAE04EC0-301F-11D3-BF4B-00C04F79EFBC}") = "Sync.UnitTest", "Sync.UnitTest\Sync.UnitTest.csproj", "{FD47A18D-6817-4B4A-B57A-4CC4EA419C32}"
EndProject
Global
	GlobalSection(SharedMSBuildProjectFiles) = preSolution
		Sync\Sync\Sync.projitems*{4c6ed658-ebdd-4713-9c52-034d65de8fb2}*SharedItemsImports = 4
		Sync\Sync\Sync.projitems*{6f6a2b58-fa43-4ab8-aa99-544341accace}*SharedItemsImports = 4
		Sync\Sync\Sync.projitems*{a32031e8-3fa7-4412-a2ed-c29f4e1b34e2}*SharedItemsImports = 13
	EndGlobalSection
	GlobalSection(SolutionConfigurationPlatforms) = preSolution
		Ad-Hoc|Any CPU = Ad-Hoc|Any CPU
		Ad-Hoc|iPhone = Ad-Hoc|iPhone
		Ad-Hoc|iPhoneSimulator = Ad-Hoc|iPhoneSimulator
		AppStore|Any CPU = AppStore|Any CPU
		AppStore|iPhone = AppStore|iPhone
		AppStore|iPhoneSimulator = AppStore|iPhoneSimulator
		Debug|Any CPU = Debug|Any CPU
		Debug|iPhone = Debug|iPhone
		Debug|iPhoneSimulator = Debug|iPhoneSimulator
		Release|Any CPU = Release|Any CPU
		Release|iPhone = Release|iPhone
		Release|iPhoneSimulator = Release|iPhoneSimulator
	EndGlobalSection
	GlobalSection(ProjectConfigurationPlatforms) = postSolution
		{6F6A2B58-FA43-4AB8-AA99-544341ACCACE}.Ad-Hoc|Any CPU.ActiveCfg = Release|Any CPU
		{6F6A2B58-FA43-4AB8-AA99-544341ACCACE}.Ad-Hoc|Any CPU.Build.0 = Release|Any CPU
		{6F6A2B58-FA43-4AB8-AA99-544341ACCACE}.Ad-Hoc|Any CPU.Deploy.0 = Release|Any CPU
		{6F6A2B58-FA43-4AB8-AA99-544341ACCACE}.Ad-Hoc|iPhone.ActiveCfg = Release|Any CPU
		{6F6A2B58-FA43-4AB8-AA99-544341ACCACE}.Ad-Hoc|iPhone.Build.0 = Release|Any CPU
		{6F6A2B58-FA43-4AB8-AA99-544341ACCACE}.Ad-Hoc|iPhone.Deploy.0 = Release|Any CPU
		{6F6A2B58-FA43-4AB8-AA99-544341ACCACE}.Ad-Hoc|iPhoneSimulator.ActiveCfg = Release|Any CPU
		{6F6A2B58-FA43-4AB8-AA99-544341ACCACE}.Ad-Hoc|iPhoneSimulator.Build.0 = Release|Any CPU
		{6F6A2B58-FA43-4AB8-AA99-544341ACCACE}.Ad-Hoc|iPhoneSimulator.Deploy.0 = Release|Any CPU
		{6F6A2B58-FA43-4AB8-AA99-544341ACCACE}.AppStore|Any CPU.ActiveCfg = Release|Any CPU
		{6F6A2B58-FA43-4AB8-AA99-544341ACCACE}.AppStore|Any CPU.Build.0 = Release|Any CPU
		{6F6A2B58-FA43-4AB8-AA99-544341ACCACE}.AppStore|Any CPU.Deploy.0 = Release|Any CPU
		{6F6A2B58-FA43-4AB8-AA99-544341ACCACE}.AppStore|iPhone.ActiveCfg = Release|Any CPU
		{6F6A2B58-FA43-4AB8-AA99-544341ACCACE}.AppStore|iPhone.Build.0 = Release|Any CPU
		{6F6A2B58-FA43-4AB8-AA99-544341ACCACE}.AppStore|iPhone.Deploy.0 = Release|Any CPU
		{6F6A2B58-FA43-4AB8-AA99-544341ACCACE}.AppStore|iPhoneSimulator.ActiveCfg = Release|Any CPU
		{6F6A2B58-FA43-4AB8-AA99-544341ACCACE}.AppStore|iPhoneSimulator.Build.0 = Release|Any CPU
		{6F6A2B58-FA43-4AB8-AA99-544341ACCACE}.AppStore|iPhoneSimulator.Deploy.0 = Release|Any CPU
		{6F6A2B58-FA43-4AB8-AA99-544341ACCACE}.Debug|Any CPU.ActiveCfg = Debug|Any CPU
		{6F6A2B58-FA43-4AB8-AA99-544341ACCACE}.Debug|Any CPU.Build.0 = Debug|Any CPU
		{6F6A2B58-FA43-4AB8-AA99-544341ACCACE}.Debug|Any CPU.Deploy.0 = Debug|Any CPU
		{6F6A2B58-FA43-4AB8-AA99-544341ACCACE}.Debug|iPhone.ActiveCfg = Debug|Any CPU
		{6F6A2B58-FA43-4AB8-AA99-544341ACCACE}.Debug|iPhone.Build.0 = Debug|Any CPU
		{6F6A2B58-FA43-4AB8-AA99-544341ACCACE}.Debug|iPhone.Deploy.0 = Debug|Any CPU
		{6F6A2B58-FA43-4AB8-AA99-544341ACCACE}.Debug|iPhoneSimulator.ActiveCfg = Debug|Any CPU
		{6F6A2B58-FA43-4AB8-AA99-544341ACCACE}.Debug|iPhoneSimulator.Build.0 = Debug|Any CPU
		{6F6A2B58-FA43-4AB8-AA99-544341ACCACE}.Debug|iPhoneSimulator.Deploy.0 = Debug|Any CPU
		{6F6A2B58-FA43-4AB8-AA99-544341ACCACE}.Release|Any CPU.ActiveCfg = Release|Any CPU
		{6F6A2B58-FA43-4AB8-AA99-544341ACCACE}.Release|Any CPU.Build.0 = Release|Any CPU
		{6F6A2B58-FA43-4AB8-AA99-544341ACCACE}.Release|Any CPU.Deploy.0 = Release|Any CPU
		{6F6A2B58-FA43-4AB8-AA99-544341ACCACE}.Release|iPhone.ActiveCfg = Release|Any CPU
		{6F6A2B58-FA43-4AB8-AA99-544341ACCACE}.Release|iPhone.Build.0 = Release|Any CPU
		{6F6A2B58-FA43-4AB8-AA99-544341ACCACE}.Release|iPhone.Deploy.0 = Release|Any CPU
		{6F6A2B58-FA43-4AB8-AA99-544341ACCACE}.Release|iPhoneSimulator.ActiveCfg = Release|Any CPU
		{6F6A2B58-FA43-4AB8-AA99-544341ACCACE}.Release|iPhoneSimulator.Build.0 = Release|Any CPU
		{6F6A2B58-FA43-4AB8-AA99-544341ACCACE}.Release|iPhoneSimulator.Deploy.0 = Release|Any CPU
		{4C6ED658-EBDD-4713-9C52-034D65DE8FB2}.Ad-Hoc|Any CPU.ActiveCfg = Ad-Hoc|iPhone
		{4C6ED658-EBDD-4713-9C52-034D65DE8FB2}.Ad-Hoc|iPhone.ActiveCfg = Ad-Hoc|iPhone
		{4C6ED658-EBDD-4713-9C52-034D65DE8FB2}.Ad-Hoc|iPhone.Build.0 = Ad-Hoc|iPhone
		{4C6ED658-EBDD-4713-9C52-034D65DE8FB2}.Ad-Hoc|iPhoneSimulator.ActiveCfg = Ad-Hoc|iPhoneSimulator
		{4C6ED658-EBDD-4713-9C52-034D65DE8FB2}.Ad-Hoc|iPhoneSimulator.Build.0 = Ad-Hoc|iPhoneSimulator
		{4C6ED658-EBDD-4713-9C52-034D65DE8FB2}.AppStore|Any CPU.ActiveCfg = AppStore|iPhone
		{4C6ED658-EBDD-4713-9C52-034D65DE8FB2}.AppStore|iPhone.ActiveCfg = AppStore|iPhone
		{4C6ED658-EBDD-4713-9C52-034D65DE8FB2}.AppStore|iPhone.Build.0 = AppStore|iPhone
		{4C6ED658-EBDD-4713-9C52-034D65DE8FB2}.AppStore|iPhoneSimulator.ActiveCfg = AppStore|iPhoneSimulator
		{4C6ED658-EBDD-4713-9C52-034D65DE8FB2}.AppStore|iPhoneSimulator.Build.0 = AppStore|iPhoneSimulator
		{4C6ED658-EBDD-4713-9C52-034D65DE8FB2}.Debug|Any CPU.ActiveCfg = Debug|iPhone
		{4C6ED658-EBDD-4713-9C52-034D65DE8FB2}.Debug|iPhone.ActiveCfg = Debug|iPhone
		{4C6ED658-EBDD-4713-9C52-034D65DE8FB2}.Debug|iPhone.Build.0 = Debug|iPhone
		{4C6ED658-EBDD-4713-9C52-034D65DE8FB2}.Debug|iPhoneSimulator.ActiveCfg = Debug|iPhoneSimulator
		{4C6ED658-EBDD-4713-9C52-034D65DE8FB2}.Debug|iPhoneSimulator.Build.0 = Debug|iPhoneSimulator
		{4C6ED658-EBDD-4713-9C52-034D65DE8FB2}.Release|Any CPU.ActiveCfg = Release|iPhone
		{4C6ED658-EBDD-4713-9C52-034D65DE8FB2}.Release|iPhone.ActiveCfg = Release|iPhone
		{4C6ED658-EBDD-4713-9C52-034D65DE8FB2}.Release|iPhone.Build.0 = Release|iPhone
		{4C6ED658-EBDD-4713-9C52-034D65DE8FB2}.Release|iPhoneSimulator.ActiveCfg = Release|iPhoneSimulator
		{4C6ED658-EBDD-4713-9C52-034D65DE8FB2}.Release|iPhoneSimulator.Build.0 = Release|iPhoneSimulator
		{FD47A18D-6817-4B4A-B57A-4CC4EA419C32}.Ad-Hoc|Any CPU.ActiveCfg = Release|Any CPU
		{FD47A18D-6817-4B4A-B57A-4CC4EA419C32}.Ad-Hoc|Any CPU.Build.0 = Release|Any CPU
		{FD47A18D-6817-4B4A-B57A-4CC4EA419C32}.Ad-Hoc|iPhone.ActiveCfg = Release|Any CPU
		{FD47A18D-6817-4B4A-B57A-4CC4EA419C32}.Ad-Hoc|iPhone.Build.0 = Release|Any CPU
		{FD47A18D-6817-4B4A-B57A-4CC4EA419C32}.Ad-Hoc|iPhoneSimulator.ActiveCfg = Release|Any CPU
		{FD47A18D-6817-4B4A-B57A-4CC4EA419C32}.Ad-Hoc|iPhoneSimulator.Build.0 = Release|Any CPU
		{FD47A18D-6817-4B4A-B57A-4CC4EA419C32}.AppStore|Any CPU.ActiveCfg = Release|Any CPU
		{FD47A18D-6817-4B4A-B57A-4CC4EA419C32}.AppStore|Any CPU.Build.0 = Release|Any CPU
		{FD47A18D-6817-4B4A-B57A-4CC4EA419C32}.AppStore|iPhone.ActiveCfg = Release|Any CPU
		{FD47A18D-6817-4B4A-B57A-4CC4EA419C32}.AppStore|iPhone.Build.0 = Release|Any CPU
		{FD47A18D-6817-4B4A-B57A-4CC4EA419C32}.AppStore|iPhoneSimulator.ActiveCfg = Release|Any CPU
		{FD47A18D-6817-4B4A-B57A-4CC4EA419C32}.AppStore|iPhoneSimulator.Build.0 = Release|Any CPU
		{FD47A18D-6817-4B4A-B57A-4CC4EA419C32}.Debug|Any CPU.ActiveCfg = Debug|Any CPU
		{FD47A18D-6817-4B4A-B57A-4CC4EA419C32}.Debug|Any CPU.Build.0 = Debug|Any CPU
		{FD47A18D-6817-4B4A-B57A-4CC4EA419C32}.Debug|iPhone.ActiveCfg = Debug|Any CPU
		{FD47A18D-6817-4B4A-B57A-4CC4EA419C32}.Debug|iPhone.Build.0 = Debug|Any CPU
		{FD47A18D-6817-4B4A-B57A-4CC4EA419C32}.Debug|iPhoneSimulator.ActiveCfg = Debug|Any CPU
		{FD47A18D-6817-4B4A-B57A-4CC4EA419C32}.Debug|iPhoneSimulator.Build.0 = Debug|Any CPU
		{FD47A18D-6817-4B4A-B57A-4CC4EA419C32}.Release|Any CPU.ActiveCfg = Release|Any CPU
		{FD47A18D-6817-4B4A-B57A-4CC4EA419C32}.Release|Any CPU.Build.0 = Release|Any CPU
		{FD47A18D-6817-4B4A-B57A-4CC4EA419C32}.Release|iPhone.ActiveCfg = Release|Any CPU
		{FD47A18D-6817-4B4A-B57A-4CC4EA419C32}.Release|iPhone.Build.0 = Release|Any CPU
		{FD47A18D-6817-4B4A-B57A-4CC4EA419C32}.Release|iPhoneSimulator.ActiveCfg = Release|Any CPU
		{FD47A18D-6817-4B4A-B57A-4CC4EA419C32}.Release|iPhoneSimulator.Build.0 = Release|Any CPU
	EndGlobalSection
	GlobalSection(SolutionProperties) = preSolution
		HideSolutionNode = FALSE
	EndGlobalSection
	GlobalSection(ExtensibilityGlobals) = postSolution
		SolutionGuid = {D3AD9108-7B0A-4EB7-9F89-8535DE890158}
	EndGlobalSection
EndGlobal
